// !$*UTF8*$!
{
	archiveVersion = 1;
	classes = {
	};
	objectVersion = 55;
	objects = {

/* Begin PBXBuildFile section */
		F61A196727BFDED800C98E54 /* AppDelegate.swift in Sources */ = {isa = PBXBuildFile; fileRef = F61A196627BFDED800C98E54 /* AppDelegate.swift */; };
		F61A196927BFDED800C98E54 /* SceneDelegate.swift in Sources */ = {isa = PBXBuildFile; fileRef = F61A196827BFDED800C98E54 /* SceneDelegate.swift */; };
		F61A197027BFDEDB00C98E54 /* Assets.xcassets in Resources */ = {isa = PBXBuildFile; fileRef = F61A196F27BFDEDB00C98E54 /* Assets.xcassets */; };
		F61A197327BFDEDB00C98E54 /* LaunchScreen.storyboard in Resources */ = {isa = PBXBuildFile; fileRef = F61A197127BFDEDB00C98E54 /* LaunchScreen.storyboard */; };
		F61A198027BFDF6300C98E54 /* AViewController.swift in Sources */ = {isa = PBXBuildFile; fileRef = F61A197E27BFDF6300C98E54 /* AViewController.swift */; };
		F61A198127BFDF6300C98E54 /* AViewController.xib in Resources */ = {isa = PBXBuildFile; fileRef = F61A197F27BFDF6300C98E54 /* AViewController.xib */; };
		F61A198427BFDF7100C98E54 /* BViewController.swift in Sources */ = {isa = PBXBuildFile; fileRef = F61A198227BFDF7100C98E54 /* BViewController.swift */; };
		F61A198527BFDF7100C98E54 /* BViewController.xib in Resources */ = {isa = PBXBuildFile; fileRef = F61A198327BFDF7100C98E54 /* BViewController.xib */; };
		F61A198827BFDF7D00C98E54 /* CViewController.swift in Sources */ = {isa = PBXBuildFile; fileRef = F61A198627BFDF7D00C98E54 /* CViewController.swift */; };
		F61A198927BFDF7D00C98E54 /* CViewController.xib in Resources */ = {isa = PBXBuildFile; fileRef = F61A198727BFDF7D00C98E54 /* CViewController.xib */; };
		F61A198E27BFE06300C98E54 /* CoordinatorProtocol.swift in Sources */ = {isa = PBXBuildFile; fileRef = F61A198D27BFE06300C98E54 /* CoordinatorProtocol.swift */; };
		F61A199A27BFE10900C98E54 /* MainCoordinator.swift in Sources */ = {isa = PBXBuildFile; fileRef = F61A199927BFE10900C98E54 /* MainCoordinator.swift */; };
		F61A19A527C02DA000C98E54 /* BCoordinator.swift in Sources */ = {isa = PBXBuildFile; fileRef = F61A19A427C02DA000C98E54 /* BCoordinator.swift */; };
		F61A19A727C038AA00C98E54 /* CCoordinator.swift in Sources */ = {isa = PBXBuildFile; fileRef = F61A19A627C038AA00C98E54 /* CCoordinator.swift */; };
/* End PBXBuildFile section */

/* Begin PBXFileReference section */
		F61A196327BFDED800C98E54 /* CoordinatorPattern.app */ = {isa = PBXFileReference; explicitFileType = wrapper.application; includeInIndex = 0; path = CoordinatorPattern.app; sourceTree = BUILT_PRODUCTS_DIR; };
		F61A196627BFDED800C98E54 /* AppDelegate.swift */ = {isa = PBXFileReference; lastKnownFileType = sourcecode.swift; path = AppDelegate.swift; sourceTree = "<group>"; };
		F61A196827BFDED800C98E54 /* SceneDelegate.swift */ = {isa = PBXFileReference; lastKnownFileType = sourcecode.swift; path = SceneDelegate.swift; sourceTree = "<group>"; };
		F61A196F27BFDEDB00C98E54 /* Assets.xcassets */ = {isa = PBXFileReference; lastKnownFileType = folder.assetcatalog; path = Assets.xcassets; sourceTree = "<group>"; };
		F61A197227BFDEDB00C98E54 /* Base */ = {isa = PBXFileReference; lastKnownFileType = file.storyboard; name = Base; path = Base.lproj/LaunchScreen.storyboard; sourceTree = "<group>"; };
		F61A197427BFDEDB00C98E54 /* Info.plist */ = {isa = PBXFileReference; lastKnownFileType = text.plist.xml; path = Info.plist; sourceTree = "<group>"; };
		F61A197E27BFDF6300C98E54 /* AViewController.swift */ = {isa = PBXFileReference; lastKnownFileType = sourcecode.swift; path = AViewController.swift; sourceTree = "<group>"; };
		F61A197F27BFDF6300C98E54 /* AViewController.xib */ = {isa = PBXFileReference; lastKnownFileType = file.xib; path = AViewController.xib; sourceTree = "<group>"; };
		F61A198227BFDF7100C98E54 /* BViewController.swift */ = {isa = PBXFileReference; lastKnownFileType = sourcecode.swift; path = BViewController.swift; sourceTree = "<group>"; };
		F61A198327BFDF7100C98E54 /* BViewController.xib */ = {isa = PBXFileReference; lastKnownFileType = file.xib; path = BViewController.xib; sourceTree = "<group>"; };
		F61A198627BFDF7D00C98E54 /* CViewController.swift */ = {isa = PBXFileReference; lastKnownFileType = sourcecode.swift; path = CViewController.swift; sourceTree = "<group>"; };
		F61A198727BFDF7D00C98E54 /* CViewController.xib */ = {isa = PBXFileReference; lastKnownFileType = file.xib; path = CViewController.xib; sourceTree = "<group>"; };
		F61A198D27BFE06300C98E54 /* CoordinatorProtocol.swift */ = {isa = PBXFileReference; lastKnownFileType = sourcecode.swift; path = CoordinatorProtocol.swift; sourceTree = "<group>"; };
		F61A199927BFE10900C98E54 /* MainCoordinator.swift */ = {isa = PBXFileReference; lastKnownFileType = sourcecode.swift; path = MainCoordinator.swift; sourceTree = "<group>"; };
		F61A19A427C02DA000C98E54 /* BCoordinator.swift */ = {isa = PBXFileReference; lastKnownFileType = sourcecode.swift; path = BCoordinator.swift; sourceTree = "<group>"; };
		F61A19A627C038AA00C98E54 /* CCoordinator.swift */ = {isa = PBXFileReference; lastKnownFileType = sourcecode.swift; path = CCoordinator.swift; sourceTree = "<group>"; };
/* End PBXFileReference section */

/* Begin PBXFrameworksBuildPhase section */
		F61A196027BFDED800C98E54 /* Frameworks */ = {
			isa = PBXFrameworksBuildPhase;
			buildActionMask = 2147483647;
			files = (
			);
			runOnlyForDeploymentPostprocessing = 0;
		};
/* End PBXFrameworksBuildPhase section */

/* Begin PBXGroup section */
		F61A195A27BFDED800C98E54 = {
			isa = PBXGroup;
			children = (
				F61A196527BFDED800C98E54 /* CoordinatorPattern */,
				F61A196427BFDED800C98E54 /* Products */,
			);
			sourceTree = "<group>";
		};
		F61A196427BFDED800C98E54 /* Products */ = {
			isa = PBXGroup;
			children = (
				F61A196327BFDED800C98E54 /* CoordinatorPattern.app */,
			);
			name = Products;
			sourceTree = "<group>";
		};
		F61A196527BFDED800C98E54 /* CoordinatorPattern */ = {
			isa = PBXGroup;
			children = (
				F61A197A27BFDEF600C98E54 /* Supporting Files */,
				F61A197B27BFDF0C00C98E54 /* Assets */,
				F61A198C27BFE04700C98E54 /* Utilities */,
				F61A197C27BFDF2D00C98E54 /* Main Module */,
				F61A197427BFDEDB00C98E54 /* Info.plist */,
			);
			path = CoordinatorPattern;
			sourceTree = "<group>";
		};
		F61A197A27BFDEF600C98E54 /* Supporting Files */ = {
			isa = PBXGroup;
			children = (
				F61A196627BFDED800C98E54 /* AppDelegate.swift */,
				F61A196827BFDED800C98E54 /* SceneDelegate.swift */,
				F61A197127BFDEDB00C98E54 /* LaunchScreen.storyboard */,
			);
			path = "Supporting Files";
			sourceTree = "<group>";
		};
		F61A197B27BFDF0C00C98E54 /* Assets */ = {
			isa = PBXGroup;
			children = (
				F61A196F27BFDEDB00C98E54 /* Assets.xcassets */,
			);
			path = Assets;
			sourceTree = "<group>";
		};
		F61A197C27BFDF2D00C98E54 /* Main Module */ = {
			isa = PBXGroup;
			children = (
				F61A198F27BFE07E00C98E54 /* A Module */,
				F61A199027BFE09800C98E54 /* B Module */,
				F61A199127BFE09E00C98E54 /* C Module */,
			);
			path = "Main Module";
			sourceTree = "<group>";
		};
		F61A197D27BFDF4000C98E54 /* View Controllers */ = {
			isa = PBXGroup;
			children = (
				F61A197E27BFDF6300C98E54 /* AViewController.swift */,
			);
			path = "View Controllers";
			sourceTree = "<group>";
		};
		F61A198B27BFE03900C98E54 /* Coordinators */ = {
			isa = PBXGroup;
			children = (
				F61A199927BFE10900C98E54 /* MainCoordinator.swift */,
			);
			path = Coordinators;
			sourceTree = "<group>";
		};
		F61A198C27BFE04700C98E54 /* Utilities */ = {
			isa = PBXGroup;
			children = (
				F61A198D27BFE06300C98E54 /* CoordinatorProtocol.swift */,
			);
			path = Utilities;
			sourceTree = "<group>";
		};
		F61A198F27BFE07E00C98E54 /* A Module */ = {
			isa = PBXGroup;
			children = (
				F61A198B27BFE03900C98E54 /* Coordinators */,
				F61A197D27BFDF4000C98E54 /* View Controllers */,
				F61A199827BFE0E800C98E54 /* Views */,
			);
			path = "A Module";
			sourceTree = "<group>";
		};
		F61A199027BFE09800C98E54 /* B Module */ = {
			isa = PBXGroup;
			children = (
				F61A199227BFE0AE00C98E54 /* Coordinator */,
				F61A199427BFE0C000C98E54 /* View Controller */,
				F61A199727BFE0DE00C98E54 /* Views */,
			);
			path = "B Module";
			sourceTree = "<group>";
		};
		F61A199127BFE09E00C98E54 /* C Module */ = {
			isa = PBXGroup;
			children = (
				F61A199327BFE0B800C98E54 /* Coordinator */,
				F61A199527BFE0C700C98E54 /* ViewController */,
				F61A199627BFE0D200C98E54 /* Views */,
			);
			path = "C Module";
			sourceTree = "<group>";
		};
		F61A199227BFE0AE00C98E54 /* Coordinator */ = {
			isa = PBXGroup;
			children = (
				F61A19A427C02DA000C98E54 /* BCoordinator.swift */,
			);
			path = Coordinator;
			sourceTree = "<group>";
		};
		F61A199327BFE0B800C98E54 /* Coordinator */ = {
			isa = PBXGroup;
			children = (
				F61A19A627C038AA00C98E54 /* CCoordinator.swift */,
			);
			path = Coordinator;
			sourceTree = "<group>";
		};
		F61A199427BFE0C000C98E54 /* View Controller */ = {
			isa = PBXGroup;
			children = (
				F61A198227BFDF7100C98E54 /* BViewController.swift */,
			);
			path = "View Controller";
			sourceTree = "<group>";
		};
		F61A199527BFE0C700C98E54 /* ViewController */ = {
			isa = PBXGroup;
			children = (
				F61A198627BFDF7D00C98E54 /* CViewController.swift */,
			);
			path = ViewController;
			sourceTree = "<group>";
		};
		F61A199627BFE0D200C98E54 /* Views */ = {
			isa = PBXGroup;
			children = (
				F61A198727BFDF7D00C98E54 /* CViewController.xib */,
			);
			path = Views;
			sourceTree = "<group>";
		};
		F61A199727BFE0DE00C98E54 /* Views */ = {
			isa = PBXGroup;
			children = (
				F61A198327BFDF7100C98E54 /* BViewController.xib */,
			);
			path = Views;
			sourceTree = "<group>";
		};
		F61A199827BFE0E800C98E54 /* Views */ = {
			isa = PBXGroup;
			children = (
				F61A197F27BFDF6300C98E54 /* AViewController.xib */,
			);
			path = Views;
			sourceTree = "<group>";
		};
/* End PBXGroup section */

/* Begin PBXNativeTarget section */
		F61A196227BFDED800C98E54 /* CoordinatorPattern */ = {
			isa = PBXNativeTarget;
			buildConfigurationList = F61A197727BFDEDB00C98E54 /* Build configuration list for PBXNativeTarget "CoordinatorPattern" */;
			buildPhases = (
				F61A195F27BFDED800C98E54 /* Sources */,
				F61A196027BFDED800C98E54 /* Frameworks */,
				F61A196127BFDED800C98E54 /* Resources */,
			);
			buildRules = (
			);
			dependencies = (
			);
			name = CoordinatorPattern;
			productName = CoordinatorPattern;
			productReference = F61A196327BFDED800C98E54 /* CoordinatorPattern.app */;
			productType = "com.apple.product-type.application";
		};
/* End PBXNativeTarget section */

/* Begin PBXProject section */
		F61A195B27BFDED800C98E54 /* Project object */ = {
			isa = PBXProject;
			attributes = {
				BuildIndependentTargetsInParallel = 1;
				LastSwiftUpdateCheck = 1320;
				LastUpgradeCheck = 1320;
				TargetAttributes = {
					F61A196227BFDED800C98E54 = {
						CreatedOnToolsVersion = 13.2.1;
					};
				};
			};
			buildConfigurationList = F61A195E27BFDED800C98E54 /* Build configuration list for PBXProject "CoordinatorPattern" */;
			compatibilityVersion = "Xcode 13.0";
			developmentRegion = en;
			hasScannedForEncodings = 0;
			knownRegions = (
				en,
				Base,
			);
			mainGroup = F61A195A27BFDED800C98E54;
			productRefGroup = F61A196427BFDED800C98E54 /* Products */;
			projectDirPath = "";
			projectRoot = "";
			targets = (
				F61A196227BFDED800C98E54 /* CoordinatorPattern */,
			);
		};
/* End PBXProject section */

/* Begin PBXResourcesBuildPhase section */
		F61A196127BFDED800C98E54 /* Resources */ = {
			isa = PBXResourcesBuildPhase;
			buildActionMask = 2147483647;
			files = (
				F61A198927BFDF7D00C98E54 /* CViewController.xib in Resources */,
				F61A198127BFDF6300C98E54 /* AViewController.xib in Resources */,
				F61A198527BFDF7100C98E54 /* BViewController.xib in Resources */,
				F61A197327BFDEDB00C98E54 /* LaunchScreen.storyboard in Resources */,
				F61A197027BFDEDB00C98E54 /* Assets.xcassets in Resources */,
			);
			runOnlyForDeploymentPostprocessing = 0;
		};
/* End PBXResourcesBuildPhase section */

/* Begin PBXSourcesBuildPhase section */
		F61A195F27BFDED800C98E54 /* Sources */ = {
			isa = PBXSourcesBuildPhase;
			buildActionMask = 2147483647;
			files = (
				F61A19A727C038AA00C98E54 /* CCoordinator.swift in Sources */,
				F61A198027BFDF6300C98E54 /* AViewController.swift in Sources */,
				F61A199A27BFE10900C98E54 /* MainCoordinator.swift in Sources */,
				F61A198E27BFE06300C98E54 /* CoordinatorProtocol.swift in Sources */,
				F61A19A527C02DA000C98E54 /* BCoordinator.swift in Sources */,
				F61A196727BFDED800C98E54 /* AppDelegate.swift in Sources */,
				F61A198427BFDF7100C98E54 /* BViewController.swift in Sources */,
				F61A198827BFDF7D00C98E54 /* CViewController.swift in Sources */,
				F61A196927BFDED800C98E54 /* SceneDelegate.swift in Sources */,
			);
			runOnlyForDeploymentPostprocessing = 0;
		};
/* End PBXSourcesBuildPhase section */

/* Begin PBXVariantGroup section */
		F61A197127BFDEDB00C98E54 /* LaunchScreen.storyboard */ = {
			isa = PBXVariantGroup;
			children = (
				F61A197227BFDEDB00C98E54 /* Base */,
			);
			name = LaunchScreen.storyboard;
			sourceTree = "<group>";
		};
/* End PBXVariantGroup section */

/* Begin XCBuildConfiguration section */
		F61A197527BFDEDB00C98E54 /* Debug */ = {
			isa = XCBuildConfiguration;
			buildSettings = {
				ALWAYS_SEARCH_USER_PATHS = NO;
				CLANG_ANALYZER_NONNULL = YES;
				CLANG_ANALYZER_NUMBER_OBJECT_CONVERSION = YES_AGGRESSIVE;
				CLANG_CXX_LANGUAGE_STANDARD = "gnu++17";
				CLANG_CXX_LIBRARY = "libc++";
				CLANG_ENABLE_MODULES = YES;
				CLANG_ENABLE_OBJC_ARC = YES;
				CLANG_ENABLE_OBJC_WEAK = YES;
				CLANG_WARN_BLOCK_CAPTURE_AUTORELEASING = YES;
				CLANG_WARN_BOOL_CONVERSION = YES;
				CLANG_WARN_COMMA = YES;
				CLANG_WARN_CONSTANT_CONVERSION = YES;
				CLANG_WARN_DEPRECATED_OBJC_IMPLEMENTATIONS = YES;
				CLANG_WARN_DIRECT_OBJC_ISA_USAGE = YES_ERROR;
				CLANG_WARN_DOCUMENTATION_COMMENTS = YES;
				CLANG_WARN_EMPTY_BODY = YES;
				CLANG_WARN_ENUM_CONVERSION = YES;
				CLANG_WARN_INFINITE_RECURSION = YES;
				CLANG_WARN_INT_CONVERSION = YES;
				CLANG_WARN_NON_LITERAL_NULL_CONVERSION = YES;
				CLANG_WARN_OBJC_IMPLICIT_RETAIN_SELF = YES;
				CLANG_WARN_OBJC_LITERAL_CONVERSION = YES;
				CLANG_WARN_OBJC_ROOT_CLASS = YES_ERROR;
				CLANG_WARN_QUOTED_INCLUDE_IN_FRAMEWORK_HEADER = YES;
				CLANG_WARN_RANGE_LOOP_ANALYSIS = YES;
				CLANG_WARN_STRICT_PROTOTYPES = YES;
				CLANG_WARN_SUSPICIOUS_MOVE = YES;
				CLANG_WARN_UNGUARDED_AVAILABILITY = YES_AGGRESSIVE;
				CLANG_WARN_UNREACHABLE_CODE = YES;
				CLANG_WARN__DUPLICATE_METHOD_MATCH = YES;
				COPY_PHASE_STRIP = NO;
				DEBUG_INFORMATION_FORMAT = dwarf;
				ENABLE_STRICT_OBJC_MSGSEND = YES;
				ENABLE_TESTABILITY = YES;
				GCC_C_LANGUAGE_STANDARD = gnu11;
				GCC_DYNAMIC_NO_PIC = NO;
				GCC_NO_COMMON_BLOCKS = YES;
				GCC_OPTIMIZATION_LEVEL = 0;
				GCC_PREPROCESSOR_DEFINITIONS = (
					"DEBUG=1",
					"$(inherited)",
				);
				GCC_WARN_64_TO_32_BIT_CONVERSION = YES;
				GCC_WARN_ABOUT_RETURN_TYPE = YES_ERROR;
				GCC_WARN_UNDECLARED_SELECTOR = YES;
				GCC_WARN_UNINITIALIZED_AUTOS = YES_AGGRESSIVE;
				GCC_WARN_UNUSED_FUNCTION = YES;
				GCC_WARN_UNUSED_VARIABLE = YES;
				IPHONEOS_DEPLOYMENT_TARGET = 15.2;
				MTL_ENABLE_DEBUG_INFO = INCLUDE_SOURCE;
				MTL_FAST_MATH = YES;
				ONLY_ACTIVE_ARCH = YES;
				SDKROOT = iphoneos;
				SWIFT_ACTIVE_COMPILATION_CONDITIONS = DEBUG;
				SWIFT_OPTIMIZATION_LEVEL = "-Onone";
			};
			name = Debug;
		};
		F61A197627BFDEDB00C98E54 /* Release */ = {
			isa = XCBuildConfiguration;
			buildSettings = {
				ALWAYS_SEARCH_USER_PATHS = NO;
				CLANG_ANALYZER_NONNULL = YES;
				CLANG_ANALYZER_NUMBER_OBJECT_CONVERSION = YES_AGGRESSIVE;
				CLANG_CXX_LANGUAGE_STANDARD = "gnu++17";
				CLANG_CXX_LIBRARY = "libc++";
				CLANG_ENABLE_MODULES = YES;
				CLANG_ENABLE_OBJC_ARC = YES;
				CLANG_ENABLE_OBJC_WEAK = YES;
				CLANG_WARN_BLOCK_CAPTURE_AUTORELEASING = YES;
				CLANG_WARN_BOOL_CONVERSION = YES;
				CLANG_WARN_COMMA = YES;
				CLANG_WARN_CONSTANT_CONVERSION = YES;
				CLANG_WARN_DEPRECATED_OBJC_IMPLEMENTATIONS = YES;
				CLANG_WARN_DIRECT_OBJC_ISA_USAGE = YES_ERROR;
				CLANG_WARN_DOCUMENTATION_COMMENTS = YES;
				CLANG_WARN_EMPTY_BODY = YES;
				CLANG_WARN_ENUM_CONVERSION = YES;
				CLANG_WARN_INFINITE_RECURSION = YES;
				CLANG_WARN_INT_CONVERSION = YES;
				CLANG_WARN_NON_LITERAL_NULL_CONVERSION = YES;
				CLANG_WARN_OBJC_IMPLICIT_RETAIN_SELF = YES;
				CLANG_WARN_OBJC_LITERAL_CONVERSION = YES;
				CLANG_WARN_OBJC_ROOT_CLASS = YES_ERROR;
				CLANG_WARN_QUOTED_INCLUDE_IN_FRAMEWORK_HEADER = YES;
				CLANG_WARN_RANGE_LOOP_ANALYSIS = YES;
				CLANG_WARN_STRICT_PROTOTYPES = YES;
				CLANG_WARN_SUSPICIOUS_MOVE = YES;
				CLANG_WARN_UNGUARDED_AVAILABILITY = YES_AGGRESSIVE;
				CLANG_WARN_UNREACHABLE_CODE = YES;
				CLANG_WARN__DUPLICATE_METHOD_MATCH = YES;
				COPY_PHASE_STRIP = NO;
				DEBUG_INFORMATION_FORMAT = "dwarf-with-dsym";
				ENABLE_NS_ASSERTIONS = NO;
				ENABLE_STRICT_OBJC_MSGSEND = YES;
				GCC_C_LANGUAGE_STANDARD = gnu11;
				GCC_NO_COMMON_BLOCKS = YES;
				GCC_WARN_64_TO_32_BIT_CONVERSION = YES;
				GCC_WARN_ABOUT_RETURN_TYPE = YES_ERROR;
				GCC_WARN_UNDECLARED_SELECTOR = YES;
				GCC_WARN_UNINITIALIZED_AUTOS = YES_AGGRESSIVE;
				GCC_WARN_UNUSED_FUNCTION = YES;
				GCC_WARN_UNUSED_VARIABLE = YES;
				IPHONEOS_DEPLOYMENT_TARGET = 15.2;
				MTL_ENABLE_DEBUG_INFO = NO;
				MTL_FAST_MATH = YES;
				SDKROOT = iphoneos;
				SWIFT_COMPILATION_MODE = wholemodule;
				SWIFT_OPTIMIZATION_LEVEL = "-O";
				VALIDATE_PRODUCT = YES;
			};
			name = Release;
		};
		F61A197827BFDEDB00C98E54 /* Debug */ = {
			isa = XCBuildConfiguration;
			buildSettings = {
				ASSETCATALOG_COMPILER_APPICON_NAME = AppIcon;
				ASSETCATALOG_COMPILER_GLOBAL_ACCENT_COLOR_NAME = AccentColor;
				CODE_SIGN_STYLE = Automatic;
				CURRENT_PROJECT_VERSION = 1;
				DEVELOPMENT_TEAM = TTD98URGJH;
				GENERATE_INFOPLIST_FILE = YES;
				INFOPLIST_FILE = CoordinatorPattern/Info.plist;
				INFOPLIST_KEY_UIApplicationSupportsIndirectInputEvents = YES;
				INFOPLIST_KEY_UILaunchStoryboardName = LaunchScreen;
				INFOPLIST_KEY_UISupportedInterfaceOrientations_iPad = "UIInterfaceOrientationPortrait UIInterfaceOrientationPortraitUpsideDown UIInterfaceOrientationLandscapeLeft UIInterfaceOrientationLandscapeRight";
				INFOPLIST_KEY_UISupportedInterfaceOrientations_iPhone = "UIInterfaceOrientationPortrait UIInterfaceOrientationLandscapeLeft UIInterfaceOrientationLandscapeRight";
				LD_RUNPATH_SEARCH_PATHS = (
					"$(inherited)",
					"@executable_path/Frameworks",
				);
				MARKETING_VERSION = 1.0;
				PRODUCT_BUNDLE_IDENTIFIER = com.SwiftNinja.abanoub.CoordinatorPattern;
				PRODUCT_NAME = "$(TARGET_NAME)";
				SWIFT_EMIT_LOC_STRINGS = YES;
				SWIFT_VERSION = 5.0;
				TARGETED_DEVICE_FAMILY = "1,2";
			};
			name = Debug;
		};
		F61A197927BFDEDB00C98E54 /* Release */ = {
			isa = XCBuildConfiguration;
			buildSettings = {
				ASSETCATALOG_COMPILER_APPICON_NAME = AppIcon;
				ASSETCATALOG_COMPILER_GLOBAL_ACCENT_COLOR_NAME = AccentColor;
				CODE_SIGN_STYLE = Automatic;
				CURRENT_PROJECT_VERSION = 1;
				DEVELOPMENT_TEAM = TTD98URGJH;
				GENERATE_INFOPLIST_FILE = YES;
				INFOPLIST_FILE = CoordinatorPattern/Info.plist;
				INFOPLIST_KEY_UIApplicationSupportsIndirectInputEvents = YES;
				INFOPLIST_KEY_UILaunchStoryboardName = LaunchScreen;
				INFOPLIST_KEY_UISupportedInterfaceOrientations_iPad = "UIInterfaceOrientationPortrait UIInterfaceOrientationPortraitUpsideDown UIInterfaceOrientationLandscapeLeft UIInterfaceOrientationLandscapeRight";
				INFOPLIST_KEY_UISupportedInterfaceOrientations_iPhone = "UIInterfaceOrientationPortrait UIInterfaceOrientationLandscapeLeft UIInterfaceOrientationLandscapeRight";
				LD_RUNPATH_SEARCH_PATHS = (
					"$(inherited)",
					"@executable_path/Frameworks",
				);
				MARKETING_VERSION = 1.0;
				PRODUCT_BUNDLE_IDENTIFIER = com.SwiftNinja.abanoub.CoordinatorPattern;
				PRODUCT_NAME = "$(TARGET_NAME)";
				SWIFT_EMIT_LOC_STRINGS = YES;
				SWIFT_VERSION = 5.0;
				TARGETED_DEVICE_FAMILY = "1,2";
			};
			name = Release;
		};
/* End XCBuildConfiguration section */

/* Begin XCConfigurationList section */
		F61A195E27BFDED800C98E54 /* Build configuration list for PBXProject "CoordinatorPattern" */ = {
			isa = XCConfigurationList;
			buildConfigurations = (
				F61A197527BFDEDB00C98E54 /* Debug */,
				F61A197627BFDEDB00C98E54 /* Release */,
			);
			defaultConfigurationIsVisible = 0;
			defaultConfigurationName = Release;
		};
		F61A197727BFDEDB00C98E54 /* Build configuration list for PBXNativeTarget "CoordinatorPattern" */ = {
			isa = XCConfigurationList;
			buildConfigurations = (
				F61A197827BFDEDB00C98E54 /* Debug */,
				F61A197927BFDEDB00C98E54 /* Release */,
			);
			defaultConfigurationIsVisible = 0;
			defaultConfigurationName = Release;
		};
/* End XCConfigurationList section */
	};
	rootObject = F61A195B27BFDED800C98E54 /* Project object */;
}
